
Microsoft Visual Studio Solution File, Format Version 12.00
# Visual Studio 15
VisualStudioVersion = 15.0.26124.0
MinimumVisualStudioVersion = 15.0.26124.0
Project("{FAE04EC0-301F-11D3-BF4B-00C04F79EFBC}") = "sample.microservice.order", "sample.microservice.order\sample.microservice.order.csproj", "{1679C97F-7811-40D5-A325-1DF3DBBE3490}"
EndProject
Project("{FAE04EC0-301F-11D3-BF4B-00C04F79EFBC}") = "sample.microservice.reservation", "sample.microservice.reservation\sample.microservice.reservation.csproj", "{A452C42F-FEBF-4ECC-B193-CF2A6B382F25}"
EndProject
Project("{FAE04EC0-301F-11D3-BF4B-00C04F79EFBC}") = "sample.microservice.dto.order", "sample.microservice.dto.order\sample.microservice.dto.order.csproj", "{67D2EF8A-DABC-4F53-AA9B-B851330630EA}"
EndProject
Project("{FAE04EC0-301F-11D3-BF4B-00C04F79EFBC}") = "sample.microservice.dto.reservation", "sample.microservice.dto.reservation\sample.microservice.dto.reservation.csproj", "{3D1DAF72-98E4-41E9-B18B-1B36C350ACCC}"
EndProject
Project("{FAE04EC0-301F-11D3-BF4B-00C04F79EFBC}") = "sample.microservice.dto.customization", "sample.microservice.dto.customization\sample.microservice.dto.customization.csproj", "{920553B0-CC25-47FE-930E-A634E1F8FE72}"
EndProject
Project("{FAE04EC0-301F-11D3-BF4B-00C04F79EFBC}") = "sample.microservice.customization", "sample.microservice.customization\sample.microservice.customization.csproj", "{31C0C57F-3ED2-46DD-9B9B-C7BB6688DFE7}"
EndProject
Project("{FAE04EC0-301F-11D3-BF4B-00C04F79EFBC}") = "sample.microservice.common", "sample.microservice.common\sample.microservice.common.csproj", "{7D800989-406B-432D-B156-0120E12AD313}"
EndProject
Project("{FAE04EC0-301F-11D3-BF4B-00C04F79EFBC}") = "sample.microservice.dto.shipping", "sample.microservice.dto.shipping\sample.microservice.dto.shipping.csproj", "{2BF2D1EB-514A-4773-AE31-19C56361B0E8}"
EndProject
Project("{FAE04EC0-301F-11D3-BF4B-00C04F79EFBC}") = "sample.microservice.shipping", "sample.microservice.shipping\sample.microservice.shipping.csproj", "{52701B2F-157C-424E-A80F-52EB3B3C793E}"
EndProject
Global
	GlobalSection(SolutionConfigurationPlatforms) = preSolution
		Debug|Any CPU = Debug|Any CPU
		Debug|x64 = Debug|x64
		Debug|x86 = Debug|x86
		Release|Any CPU = Release|Any CPU
		Release|x64 = Release|x64
		Release|x86 = Release|x86
	EndGlobalSection
	GlobalSection(SolutionProperties) = preSolution
		HideSolutionNode = FALSE
	EndGlobalSection
	GlobalSection(ProjectConfigurationPlatforms) = postSolution
		{1679C97F-7811-40D5-A325-1DF3DBBE3490}.Debug|Any CPU.ActiveCfg = Debug|Any CPU
		{1679C97F-7811-40D5-A325-1DF3DBBE3490}.Debug|Any CPU.Build.0 = Debug|Any CPU
		{1679C97F-7811-40D5-A325-1DF3DBBE3490}.Debug|x64.ActiveCfg = Debug|Any CPU
		{1679C97F-7811-40D5-A325-1DF3DBBE3490}.Debug|x64.Build.0 = Debug|Any CPU
		{1679C97F-7811-40D5-A325-1DF3DBBE3490}.Debug|x86.ActiveCfg = Debug|Any CPU
		{1679C97F-7811-40D5-A325-1DF3DBBE3490}.Debug|x86.Build.0 = Debug|Any CPU
		{1679C97F-7811-40D5-A325-1DF3DBBE3490}.Release|Any CPU.ActiveCfg = Release|Any CPU
		{1679C97F-7811-40D5-A325-1DF3DBBE3490}.Release|Any CPU.Build.0 = Release|Any CPU
		{1679C97F-7811-40D5-A325-1DF3DBBE3490}.Release|x64.ActiveCfg = Release|Any CPU
		{1679C97F-7811-40D5-A325-1DF3DBBE3490}.Release|x64.Build.0 = Release|Any CPU
		{1679C97F-7811-40D5-A325-1DF3DBBE3490}.Release|x86.ActiveCfg = Release|Any CPU
		{1679C97F-7811-40D5-A325-1DF3DBBE3490}.Release|x86.Build.0 = Release|Any CPU
		{A452C42F-FEBF-4ECC-B193-CF2A6B382F25}.Debug|Any CPU.ActiveCfg = Debug|Any CPU
		{A452C42F-FEBF-4ECC-B193-CF2A6B382F25}.Debug|Any CPU.Build.0 = Debug|Any CPU
		{A452C42F-FEBF-4ECC-B193-CF2A6B382F25}.Debug|x64.ActiveCfg = Debug|Any CPU
		{A452C42F-FEBF-4ECC-B193-CF2A6B382F25}.Debug|x64.Build.0 = Debug|Any CPU
		{A452C42F-FEBF-4ECC-B193-CF2A6B382F25}.Debug|x86.ActiveCfg = Debug|Any CPU
		{A452C42F-FEBF-4ECC-B193-CF2A6B382F25}.Debug|x86.Build.0 = Debug|Any CPU
		{A452C42F-FEBF-4ECC-B193-CF2A6B382F25}.Release|Any CPU.ActiveCfg = Release|Any CPU
		{A452C42F-FEBF-4ECC-B193-CF2A6B382F25}.Release|Any CPU.Build.0 = Release|Any CPU
		{A452C42F-FEBF-4ECC-B193-CF2A6B382F25}.Release|x64.ActiveCfg = Release|Any CPU
		{A452C42F-FEBF-4ECC-B193-CF2A6B382F25}.Release|x64.Build.0 = Release|Any CPU
		{A452C42F-FEBF-4ECC-B193-CF2A6B382F25}.Release|x86.ActiveCfg = Release|Any CPU
		{A452C42F-FEBF-4ECC-B193-CF2A6B382F25}.Release|x86.Build.0 = Release|Any CPU
		{67D2EF8A-DABC-4F53-AA9B-B851330630EA}.Debug|Any CPU.ActiveCfg = Debug|Any CPU
		{67D2EF8A-DABC-4F53-AA9B-B851330630EA}.Debug|Any CPU.Build.0 = Debug|Any CPU
		{67D2EF8A-DABC-4F53-AA9B-B851330630EA}.Debug|x64.ActiveCfg = Debug|Any CPU
		{67D2EF8A-DABC-4F53-AA9B-B851330630EA}.Debug|x64.Build.0 = Debug|Any CPU
		{67D2EF8A-DABC-4F53-AA9B-B851330630EA}.Debug|x86.ActiveCfg = Debug|Any CPU
		{67D2EF8A-DABC-4F53-AA9B-B851330630EA}.Debug|x86.Build.0 = Debug|Any CPU
		{67D2EF8A-DABC-4F53-AA9B-B851330630EA}.Release|Any CPU.ActiveCfg = Release|Any CPU
		{67D2EF8A-DABC-4F53-AA9B-B851330630EA}.Release|Any CPU.Build.0 = Release|Any CPU
		{67D2EF8A-DABC-4F53-AA9B-B851330630EA}.Release|x64.ActiveCfg = Release|Any CPU
		{67D2EF8A-DABC-4F53-AA9B-B851330630EA}.Release|x64.Build.0 = Release|Any CPU
		{67D2EF8A-DABC-4F53-AA9B-B851330630EA}.Release|x86.ActiveCfg = Release|Any CPU
		{67D2EF8A-DABC-4F53-AA9B-B851330630EA}.Release|x86.Build.0 = Release|Any CPU
		{3D1DAF72-98E4-41E9-B18B-1B36C350ACCC}.Debug|Any CPU.ActiveCfg = Debug|Any CPU
		{3D1DAF72-98E4-41E9-B18B-1B36C350ACCC}.Debug|Any CPU.Build.0 = Debug|Any CPU
		{3D1DAF72-98E4-41E9-B18B-1B36C350ACCC}.Debug|x64.ActiveCfg = Debug|Any CPU
		{3D1DAF72-98E4-41E9-B18B-1B36C350ACCC}.Debug|x64.Build.0 = Debug|Any CPU
		{3D1DAF72-98E4-41E9-B18B-1B36C350ACCC}.Debug|x86.ActiveCfg = Debug|Any CPU
		{3D1DAF72-98E4-41E9-B18B-1B36C350ACCC}.Debug|x86.Build.0 = Debug|Any CPU
		{3D1DAF72-98E4-41E9-B18B-1B36C350ACCC}.Release|Any CPU.ActiveCfg = Release|Any CPU
		{3D1DAF72-98E4-41E9-B18B-1B36C350ACCC}.Release|Any CPU.Build.0 = Release|Any CPU
		{3D1DAF72-98E4-41E9-B18B-1B36C350ACCC}.Release|x64.ActiveCfg = Release|Any CPU
		{3D1DAF72-98E4-41E9-B18B-1B36C350ACCC}.Release|x64.Build.0 = Release|Any CPU
		{3D1DAF72-98E4-41E9-B18B-1B36C350ACCC}.Release|x86.ActiveCfg = Release|Any CPU
		{3D1DAF72-98E4-41E9-B18B-1B36C350ACCC}.Release|x86.Build.0 = Release|Any CPU
		{920553B0-CC25-47FE-930E-A634E1F8FE72}.Debug|Any CPU.ActiveCfg = Debug|Any CPU
		{920553B0-CC25-47FE-930E-A634E1F8FE72}.Debug|Any CPU.Build.0 = Debug|Any CPU
		{920553B0-CC25-47FE-930E-A634E1F8FE72}.Debug|x64.ActiveCfg = Debug|Any CPU
		{920553B0-CC25-47FE-930E-A634E1F8FE72}.Debug|x64.Build.0 = Debug|Any CPU
		{920553B0-CC25-47FE-930E-A634E1F8FE72}.Debug|x86.ActiveCfg = Debug|Any CPU
		{920553B0-CC25-47FE-930E-A634E1F8FE72}.Debug|x86.Build.0 = Debug|Any CPU
		{920553B0-CC25-47FE-930E-A634E1F8FE72}.Release|Any CPU.ActiveCfg = Release|Any CPU
		{920553B0-CC25-47FE-930E-A634E1F8FE72}.Release|Any CPU.Build.0 = Release|Any CPU
		{920553B0-CC25-47FE-930E-A634E1F8FE72}.Release|x64.ActiveCfg = Release|Any CPU
		{920553B0-CC25-47FE-930E-A634E1F8FE72}.Release|x64.Build.0 = Release|Any CPU
		{920553B0-CC25-47FE-930E-A634E1F8FE72}.Release|x86.ActiveCfg = Release|Any CPU
		{920553B0-CC25-47FE-930E-A634E1F8FE72}.Release|x86.Build.0 = Release|Any CPU
		{31C0C57F-3ED2-46DD-9B9B-C7BB6688DFE7}.Debug|Any CPU.ActiveCfg = Debug|Any CPU
		{31C0C57F-3ED2-46DD-9B9B-C7BB6688DFE7}.Debug|Any CPU.Build.0 = Debug|Any CPU
		{31C0C57F-3ED2-46DD-9B9B-C7BB6688DFE7}.Debug|x64.ActiveCfg = Debug|Any CPU
		{31C0C57F-3ED2-46DD-9B9B-C7BB6688DFE7}.Debug|x64.Build.0 = Debug|Any CPU
		{31C0C57F-3ED2-46DD-9B9B-C7BB6688DFE7}.Debug|x86.ActiveCfg = Debug|Any CPU
		{31C0C57F-3ED2-46DD-9B9B-C7BB6688DFE7}.Debug|x86.Build.0 = Debug|Any CPU
		{31C0C57F-3ED2-46DD-9B9B-C7BB6688DFE7}.Release|Any CPU.ActiveCfg = Release|Any CPU
		{31C0C57F-3ED2-46DD-9B9B-C7BB6688DFE7}.Release|Any CPU.Build.0 = Release|Any CPU
		{31C0C57F-3ED2-46DD-9B9B-C7BB6688DFE7}.Release|x64.ActiveCfg = Release|Any CPU
		{31C0C57F-3ED2-46DD-9B9B-C7BB6688DFE7}.Release|x64.Build.0 = Release|Any CPU
		{31C0C57F-3ED2-46DD-9B9B-C7BB6688DFE7}.Release|x86.ActiveCfg = Release|Any CPU
		{31C0C57F-3ED2-46DD-9B9B-C7BB6688DFE7}.Release|x86.Build.0 = Release|Any CPU
		{7D800989-406B-432D-B156-0120E12AD313}.Debug|Any CPU.ActiveCfg = Debug|Any CPU
		{7D800989-406B-432D-B156-0120E12AD313}.Debug|Any CPU.Build.0 = Debug|Any CPU
		{7D800989-406B-432D-B156-0120E12AD313}.Debug|x64.ActiveCfg = Debug|Any CPU
		{7D800989-406B-432D-B156-0120E12AD313}.Debug|x64.Build.0 = Debug|Any CPU
		{7D800989-406B-432D-B156-0120E12AD313}.Debug|x86.ActiveCfg = Debug|Any CPU
		{7D800989-406B-432D-B156-0120E12AD313}.Debug|x86.Build.0 = Debug|Any CPU
		{7D800989-406B-432D-B156-0120E12AD313}.Release|Any CPU.ActiveCfg = Release|Any CPU
		{7D800989-406B-432D-B156-0120E12AD313}.Release|Any CPU.Build.0 = Release|Any CPU
		{7D800989-406B-432D-B156-0120E12AD313}.Release|x64.ActiveCfg = Release|Any CPU
		{7D800989-406B-432D-B156-0120E12AD313}.Release|x64.Build.0 = Release|Any CPU
		{7D800989-406B-432D-B156-0120E12AD313}.Release|x86.ActiveCfg = Release|Any CPU
		{7D800989-406B-432D-B156-0120E12AD313}.Release|x86.Build.0 = Release|Any CPU
		{2BF2D1EB-514A-4773-AE31-19C56361B0E8}.Debug|Any CPU.ActiveCfg = Debug|Any CPU
		{2BF2D1EB-514A-4773-AE31-19C56361B0E8}.Debug|Any CPU.Build.0 = Debug|Any CPU
		{2BF2D1EB-514A-4773-AE31-19C56361B0E8}.Debug|x64.ActiveCfg = Debug|Any CPU
		{2BF2D1EB-514A-4773-AE31-19C56361B0E8}.Debug|x64.Build.0 = Debug|Any CPU
		{2BF2D1EB-514A-4773-AE31-19C56361B0E8}.Debug|x86.ActiveCfg = Debug|Any CPU
		{2BF2D1EB-514A-4773-AE31-19C56361B0E8}.Debug|x86.Build.0 = Debug|Any CPU
		{2BF2D1EB-514A-4773-AE31-19C56361B0E8}.Release|Any CPU.ActiveCfg = Release|Any CPU
		{2BF2D1EB-514A-4773-AE31-19C56361B0E8}.Release|Any CPU.Build.0 = Release|Any CPU
		{2BF2D1EB-514A-4773-AE31-19C56361B0E8}.Release|x64.ActiveCfg = Release|Any CPU
		{2BF2D1EB-514A-4773-AE31-19C56361B0E8}.Release|x64.Build.0 = Release|Any CPU
		{2BF2D1EB-514A-4773-AE31-19C56361B0E8}.Release|x86.ActiveCfg = Release|Any CPU
		{2BF2D1EB-514A-4773-AE31-19C56361B0E8}.Release|x86.Build.0 = Release|Any CPU
		{52701B2F-157C-424E-A80F-52EB3B3C793E}.Debug|Any CPU.ActiveCfg = Debug|Any CPU
		{52701B2F-157C-424E-A80F-52EB3B3C793E}.Debug|Any CPU.Build.0 = Debug|Any CPU
		{52701B2F-157C-424E-A80F-52EB3B3C793E}.Debug|x64.ActiveCfg = Debug|Any CPU
		{52701B2F-157C-424E-A80F-52EB3B3C793E}.Debug|x64.Build.0 = Debug|Any CPU
		{52701B2F-157C-424E-A80F-52EB3B3C793E}.Debug|x86.ActiveCfg = Debug|Any CPU
		{52701B2F-157C-424E-A80F-52EB3B3C793E}.Debug|x86.Build.0 = Debug|Any CPU
		{52701B2F-157C-424E-A80F-52EB3B3C793E}.Release|Any CPU.ActiveCfg = Release|Any CPU
		{52701B2F-157C-424E-A80F-52EB3B3C793E}.Release|Any CPU.Build.0 = Release|Any CPU
		{52701B2F-157C-424E-A80F-52EB3B3C793E}.Release|x64.ActiveCfg = Release|Any CPU
		{52701B2F-157C-424E-A80F-52EB3B3C793E}.Release|x64.Build.0 = Release|Any CPU
		{52701B2F-157C-424E-A80F-52EB3B3C793E}.Release|x86.ActiveCfg = Release|Any CPU
		{52701B2F-157C-424E-A80F-52EB3B3C793E}.Release|x86.Build.0 = Release|Any CPU
	EndGlobalSection
EndGlobal
